
Microsoft Visual Studio Solution File, Format Version 12.00
# Visual Studio Version 17
VisualStudioVersion = 17.10.35013.160
MinimumVisualStudioVersion = 10.0.40219.1
Project("{FAE04EC0-301F-11D3-BF4B-00C04F79EFBC}") = "Metot_ornek", "Metot_ornek\Metot_ornek.csproj", "{7ABA0FD4-CAA6-439B-99FB-4AD43C960135}"
EndProject
Global
	GlobalSection(SolutionConfigurationPlatforms) = preSolution
		Debug|Any CPU = Debug|Any CPU
		Release|Any CPU = Release|Any CPU
	EndGlobalSection
	GlobalSection(ProjectConfigurationPlatforms) = postSolution
		{7ABA0FD4-CAA6-439B-99FB-4AD43C960135}.Debug|Any CPU.ActiveCfg = Debug|Any CPU
		{7ABA0FD4-CAA6-439B-99FB-4AD43C960135}.Debug|Any CPU.Build.0 = Debug|Any CPU
		{7ABA0FD4-CAA6-439B-99FB-4AD43C960135}.Release|Any CPU.ActiveCfg = Release|Any CPU
		{7ABA0FD4-CAA6-439B-99FB-4AD43C960135}.Release|Any CPU.Build.0 = Release|Any CPU
	EndGlobalSection
	GlobalSection(SolutionProperties) = preSolution
		HideSolutionNode = FALSE
	EndGlobalSection
	GlobalSection(ExtensibilityGlobals) = postSolution
		SolutionGuid = {80B702EC-1380-431C-8187-3314443323FF}
	EndGlobalSection
EndGlobal
