
Microsoft Visual Studio Solution File, Format Version 12.00
# Visual Studio Version 17
VisualStudioVersion = 17.10.35013.160
MinimumVisualStudioVersion = 10.0.40219.1
Project("{FAE04EC0-301F-11D3-BF4B-00C04F79EFBC}") = "Methodlar", "Methodlar\Methodlar.csproj", "{B435D637-FCBC-4002-BCAB-97305BA17EC0}"
EndProject
Global
	GlobalSection(SolutionConfigurationPlatforms) = preSolution
		Debug|Any CPU = Debug|Any CPU
		Release|Any CPU = Release|Any CPU
	EndGlobalSection
	GlobalSection(ProjectConfigurationPlatforms) = postSolution
		{B435D637-FCBC-4002-BCAB-97305BA17EC0}.Debug|Any CPU.ActiveCfg = Debug|Any CPU
		{B435D637-FCBC-4002-BCAB-97305BA17EC0}.Debug|Any CPU.Build.0 = Debug|Any CPU
		{B435D637-FCBC-4002-BCAB-97305BA17EC0}.Release|Any CPU.ActiveCfg = Release|Any CPU
		{B435D637-FCBC-4002-BCAB-97305BA17EC0}.Release|Any CPU.Build.0 = Release|Any CPU
	EndGlobalSection
	GlobalSection(SolutionProperties) = preSolution
		HideSolutionNode = FALSE
	EndGlobalSection
	GlobalSection(ExtensibilityGlobals) = postSolution
		SolutionGuid = {01D05883-0E67-40D2-8C82-2CEB26137AE9}
	EndGlobalSection
EndGlobal
