
Microsoft Visual Studio Solution File, Format Version 12.00
# Visual Studio Version 17
VisualStudioVersion = 17.10.35013.160
MinimumVisualStudioVersion = 10.0.40219.1
Project("{FAE04EC0-301F-11D3-BF4B-00C04F79EFBC}") = "mini_atm_switch_case", "mini_atm_switch_case\mini_atm_switch_case.csproj", "{EEA0DA41-7D9B-4E44-929B-FAD00F6F2B17}"
EndProject
Global
	GlobalSection(SolutionConfigurationPlatforms) = preSolution
		Debug|Any CPU = Debug|Any CPU
		Release|Any CPU = Release|Any CPU
	EndGlobalSection
	GlobalSection(ProjectConfigurationPlatforms) = postSolution
		{EEA0DA41-7D9B-4E44-929B-FAD00F6F2B17}.Debug|Any CPU.ActiveCfg = Debug|Any CPU
		{EEA0DA41-7D9B-4E44-929B-FAD00F6F2B17}.Debug|Any CPU.Build.0 = Debug|Any CPU
		{EEA0DA41-7D9B-4E44-929B-FAD00F6F2B17}.Release|Any CPU.ActiveCfg = Release|Any CPU
		{EEA0DA41-7D9B-4E44-929B-FAD00F6F2B17}.Release|Any CPU.Build.0 = Release|Any CPU
	EndGlobalSection
	GlobalSection(SolutionProperties) = preSolution
		HideSolutionNode = FALSE
	EndGlobalSection
	GlobalSection(ExtensibilityGlobals) = postSolution
		SolutionGuid = {D869399C-0447-4E3E-9C17-C73E280443DC}
	EndGlobalSection
EndGlobal
