
Microsoft Visual Studio Solution File, Format Version 12.00
# Visual Studio Version 17
VisualStudioVersion = 17.10.35013.160
MinimumVisualStudioVersion = 10.0.40219.1
Project("{FAE04EC0-301F-11D3-BF4B-00C04F79EFBC}") = "ForEachDongusu", "ForEachDongusu\ForEachDongusu.csproj", "{3D02E78C-059E-4F52-B102-47D2AC6EA1F5}"
EndProject
Global
	GlobalSection(SolutionConfigurationPlatforms) = preSolution
		Debug|Any CPU = Debug|Any CPU
		Release|Any CPU = Release|Any CPU
	EndGlobalSection
	GlobalSection(ProjectConfigurationPlatforms) = postSolution
		{3D02E78C-059E-4F52-B102-47D2AC6EA1F5}.Debug|Any CPU.ActiveCfg = Debug|Any CPU
		{3D02E78C-059E-4F52-B102-47D2AC6EA1F5}.Debug|Any CPU.Build.0 = Debug|Any CPU
		{3D02E78C-059E-4F52-B102-47D2AC6EA1F5}.Release|Any CPU.ActiveCfg = Release|Any CPU
		{3D02E78C-059E-4F52-B102-47D2AC6EA1F5}.Release|Any CPU.Build.0 = Release|Any CPU
	EndGlobalSection
	GlobalSection(SolutionProperties) = preSolution
		HideSolutionNode = FALSE
	EndGlobalSection
	GlobalSection(ExtensibilityGlobals) = postSolution
		SolutionGuid = {97A81F31-9B90-486F-93FB-97EB4816F24B}
	EndGlobalSection
EndGlobal
