
Microsoft Visual Studio Solution File, Format Version 12.00
# Visual Studio Version 17
VisualStudioVersion = 17.10.35013.160
MinimumVisualStudioVersion = 10.0.40219.1
Project("{FAE04EC0-301F-11D3-BF4B-00C04F79EFBC}") = "sayi_karsilastirma_metot", "sayi_karsilastirma_metot\sayi_karsilastirma_metot.csproj", "{BEA29D89-2CE3-4878-B2B8-28923CEF269C}"
EndProject
Global
	GlobalSection(SolutionConfigurationPlatforms) = preSolution
		Debug|Any CPU = Debug|Any CPU
		Release|Any CPU = Release|Any CPU
	EndGlobalSection
	GlobalSection(ProjectConfigurationPlatforms) = postSolution
		{BEA29D89-2CE3-4878-B2B8-28923CEF269C}.Debug|Any CPU.ActiveCfg = Debug|Any CPU
		{BEA29D89-2CE3-4878-B2B8-28923CEF269C}.Debug|Any CPU.Build.0 = Debug|Any CPU
		{BEA29D89-2CE3-4878-B2B8-28923CEF269C}.Release|Any CPU.ActiveCfg = Release|Any CPU
		{BEA29D89-2CE3-4878-B2B8-28923CEF269C}.Release|Any CPU.Build.0 = Release|Any CPU
	EndGlobalSection
	GlobalSection(SolutionProperties) = preSolution
		HideSolutionNode = FALSE
	EndGlobalSection
	GlobalSection(ExtensibilityGlobals) = postSolution
		SolutionGuid = {6371717E-DA73-464C-B39E-CC5B44C47ABE}
	EndGlobalSection
EndGlobal
