
Microsoft Visual Studio Solution File, Format Version 12.00
# Visual Studio Version 17
VisualStudioVersion = 17.10.35013.160
MinimumVisualStudioVersion = 10.0.40219.1
Project("{FAE04EC0-301F-11D3-BF4B-00C04F79EFBC}") = "diziler_giriş", "diziler_giriş\diziler_giriş.csproj", "{9E9B9B40-E026-4187-87FF-69618D2D1DF9}"
EndProject
Global
	GlobalSection(SolutionConfigurationPlatforms) = preSolution
		Debug|Any CPU = Debug|Any CPU
		Release|Any CPU = Release|Any CPU
	EndGlobalSection
	GlobalSection(ProjectConfigurationPlatforms) = postSolution
		{9E9B9B40-E026-4187-87FF-69618D2D1DF9}.Debug|Any CPU.ActiveCfg = Debug|Any CPU
		{9E9B9B40-E026-4187-87FF-69618D2D1DF9}.Debug|Any CPU.Build.0 = Debug|Any CPU
		{9E9B9B40-E026-4187-87FF-69618D2D1DF9}.Release|Any CPU.ActiveCfg = Release|Any CPU
		{9E9B9B40-E026-4187-87FF-69618D2D1DF9}.Release|Any CPU.Build.0 = Release|Any CPU
	EndGlobalSection
	GlobalSection(SolutionProperties) = preSolution
		HideSolutionNode = FALSE
	EndGlobalSection
	GlobalSection(ExtensibilityGlobals) = postSolution
		SolutionGuid = {FFA4C8E0-63E9-4101-92A4-3045E876BB61}
	EndGlobalSection
EndGlobal
