
Microsoft Visual Studio Solution File, Format Version 12.00
# Visual Studio Version 17
VisualStudioVersion = 17.10.35013.160
MinimumVisualStudioVersion = 10.0.40219.1
Project("{FAE04EC0-301F-11D3-BF4B-00C04F79EFBC}") = "public_private", "public_private\public_private.csproj", "{B2551953-FDE2-4185-8FFB-6617B354F967}"
EndProject
Global
	GlobalSection(SolutionConfigurationPlatforms) = preSolution
		Debug|Any CPU = Debug|Any CPU
		Release|Any CPU = Release|Any CPU
	EndGlobalSection
	GlobalSection(ProjectConfigurationPlatforms) = postSolution
		{B2551953-FDE2-4185-8FFB-6617B354F967}.Debug|Any CPU.ActiveCfg = Debug|Any CPU
		{B2551953-FDE2-4185-8FFB-6617B354F967}.Debug|Any CPU.Build.0 = Debug|Any CPU
		{B2551953-FDE2-4185-8FFB-6617B354F967}.Release|Any CPU.ActiveCfg = Release|Any CPU
		{B2551953-FDE2-4185-8FFB-6617B354F967}.Release|Any CPU.Build.0 = Release|Any CPU
	EndGlobalSection
	GlobalSection(SolutionProperties) = preSolution
		HideSolutionNode = FALSE
	EndGlobalSection
	GlobalSection(ExtensibilityGlobals) = postSolution
		SolutionGuid = {934A2E67-F5CC-4C7E-9FAE-458F16011A05}
	EndGlobalSection
EndGlobal
