
Microsoft Visual Studio Solution File, Format Version 12.00
# Visual Studio Version 17
VisualStudioVersion = 17.10.35013.160
MinimumVisualStudioVersion = 10.0.40219.1
Project("{FAE04EC0-301F-11D3-BF4B-00C04F79EFBC}") = "girilen_sayi_dizide_var_mi", "girilen_sayi_dizide_var_mi\girilen_sayi_dizide_var_mi.csproj", "{A747D203-CCCE-43E8-8577-1BCA1C232FBE}"
EndProject
Global
	GlobalSection(SolutionConfigurationPlatforms) = preSolution
		Debug|Any CPU = Debug|Any CPU
		Release|Any CPU = Release|Any CPU
	EndGlobalSection
	GlobalSection(ProjectConfigurationPlatforms) = postSolution
		{A747D203-CCCE-43E8-8577-1BCA1C232FBE}.Debug|Any CPU.ActiveCfg = Debug|Any CPU
		{A747D203-CCCE-43E8-8577-1BCA1C232FBE}.Debug|Any CPU.Build.0 = Debug|Any CPU
		{A747D203-CCCE-43E8-8577-1BCA1C232FBE}.Release|Any CPU.ActiveCfg = Release|Any CPU
		{A747D203-CCCE-43E8-8577-1BCA1C232FBE}.Release|Any CPU.Build.0 = Release|Any CPU
	EndGlobalSection
	GlobalSection(SolutionProperties) = preSolution
		HideSolutionNode = FALSE
	EndGlobalSection
	GlobalSection(ExtensibilityGlobals) = postSolution
		SolutionGuid = {FFBC2BC2-0A31-46FD-93C0-155197F64A8D}
	EndGlobalSection
EndGlobal
