
Microsoft Visual Studio Solution File, Format Version 12.00
# Visual Studio Version 17
VisualStudioVersion = 17.10.35013.160
MinimumVisualStudioVersion = 10.0.40219.1
Project("{FAE04EC0-301F-11D3-BF4B-00C04F79EFBC}") = "Parametreli_metotlar", "Parametreli_metotlar\Parametreli_metotlar.csproj", "{5322D07C-76AE-4FD4-AA52-8D34ECA17E23}"
EndProject
Global
	GlobalSection(SolutionConfigurationPlatforms) = preSolution
		Debug|Any CPU = Debug|Any CPU
		Release|Any CPU = Release|Any CPU
	EndGlobalSection
	GlobalSection(ProjectConfigurationPlatforms) = postSolution
		{5322D07C-76AE-4FD4-AA52-8D34ECA17E23}.Debug|Any CPU.ActiveCfg = Debug|Any CPU
		{5322D07C-76AE-4FD4-AA52-8D34ECA17E23}.Debug|Any CPU.Build.0 = Debug|Any CPU
		{5322D07C-76AE-4FD4-AA52-8D34ECA17E23}.Release|Any CPU.ActiveCfg = Release|Any CPU
		{5322D07C-76AE-4FD4-AA52-8D34ECA17E23}.Release|Any CPU.Build.0 = Release|Any CPU
	EndGlobalSection
	GlobalSection(SolutionProperties) = preSolution
		HideSolutionNode = FALSE
	EndGlobalSection
	GlobalSection(ExtensibilityGlobals) = postSolution
		SolutionGuid = {26695277-8D27-45AF-AC22-57462DF438FB}
	EndGlobalSection
EndGlobal
