
Microsoft Visual Studio Solution File, Format Version 12.00
# Visual Studio Version 17
VisualStudioVersion = 17.10.35013.160
MinimumVisualStudioVersion = 10.0.40219.1
Project("{FAE04EC0-301F-11D3-BF4B-00C04F79EFBC}") = "mod_örnek", "mod_örnek\mod_örnek.csproj", "{9D48D1E9-7300-4CDE-BBAA-28A8D3850E47}"
EndProject
Global
	GlobalSection(SolutionConfigurationPlatforms) = preSolution
		Debug|Any CPU = Debug|Any CPU
		Release|Any CPU = Release|Any CPU
	EndGlobalSection
	GlobalSection(ProjectConfigurationPlatforms) = postSolution
		{9D48D1E9-7300-4CDE-BBAA-28A8D3850E47}.Debug|Any CPU.ActiveCfg = Debug|Any CPU
		{9D48D1E9-7300-4CDE-BBAA-28A8D3850E47}.Debug|Any CPU.Build.0 = Debug|Any CPU
		{9D48D1E9-7300-4CDE-BBAA-28A8D3850E47}.Release|Any CPU.ActiveCfg = Release|Any CPU
		{9D48D1E9-7300-4CDE-BBAA-28A8D3850E47}.Release|Any CPU.Build.0 = Release|Any CPU
	EndGlobalSection
	GlobalSection(SolutionProperties) = preSolution
		HideSolutionNode = FALSE
	EndGlobalSection
	GlobalSection(ExtensibilityGlobals) = postSolution
		SolutionGuid = {CB2FDCD9-E77C-407F-8A78-3B9C979BFACE}
	EndGlobalSection
EndGlobal
