
Microsoft Visual Studio Solution File, Format Version 12.00
# Visual Studio Version 17
VisualStudioVersion = 17.10.35013.160
MinimumVisualStudioVersion = 10.0.40219.1
Project("{FAE04EC0-301F-11D3-BF4B-00C04F79EFBC}") = "kapsulleme_uygulama", "kapsulleme_uygulama\kapsulleme_uygulama.csproj", "{1E7564E2-4D4B-459C-96D3-4DA41CE10C34}"
EndProject
Global
	GlobalSection(SolutionConfigurationPlatforms) = preSolution
		Debug|Any CPU = Debug|Any CPU
		Release|Any CPU = Release|Any CPU
	EndGlobalSection
	GlobalSection(ProjectConfigurationPlatforms) = postSolution
		{1E7564E2-4D4B-459C-96D3-4DA41CE10C34}.Debug|Any CPU.ActiveCfg = Debug|Any CPU
		{1E7564E2-4D4B-459C-96D3-4DA41CE10C34}.Debug|Any CPU.Build.0 = Debug|Any CPU
		{1E7564E2-4D4B-459C-96D3-4DA41CE10C34}.Release|Any CPU.ActiveCfg = Release|Any CPU
		{1E7564E2-4D4B-459C-96D3-4DA41CE10C34}.Release|Any CPU.Build.0 = Release|Any CPU
	EndGlobalSection
	GlobalSection(SolutionProperties) = preSolution
		HideSolutionNode = FALSE
	EndGlobalSection
	GlobalSection(ExtensibilityGlobals) = postSolution
		SolutionGuid = {0EE87718-D8C0-4E54-A23D-A4B0A5F17694}
	EndGlobalSection
EndGlobal
