
Microsoft Visual Studio Solution File, Format Version 12.00
# Visual Studio Version 17
VisualStudioVersion = 17.10.35013.160
MinimumVisualStudioVersion = 10.0.40219.1
Project("{FAE04EC0-301F-11D3-BF4B-00C04F79EFBC}") = "dizinin_elemanlarını_alma", "dizinin_elemanlarını_alma\dizinin_elemanlarını_alma.csproj", "{AB7FFBDB-2694-46D4-B4E0-51ECDD08A0ED}"
EndProject
Global
	GlobalSection(SolutionConfigurationPlatforms) = preSolution
		Debug|Any CPU = Debug|Any CPU
		Release|Any CPU = Release|Any CPU
	EndGlobalSection
	GlobalSection(ProjectConfigurationPlatforms) = postSolution
		{AB7FFBDB-2694-46D4-B4E0-51ECDD08A0ED}.Debug|Any CPU.ActiveCfg = Debug|Any CPU
		{AB7FFBDB-2694-46D4-B4E0-51ECDD08A0ED}.Debug|Any CPU.Build.0 = Debug|Any CPU
		{AB7FFBDB-2694-46D4-B4E0-51ECDD08A0ED}.Release|Any CPU.ActiveCfg = Release|Any CPU
		{AB7FFBDB-2694-46D4-B4E0-51ECDD08A0ED}.Release|Any CPU.Build.0 = Release|Any CPU
	EndGlobalSection
	GlobalSection(SolutionProperties) = preSolution
		HideSolutionNode = FALSE
	EndGlobalSection
	GlobalSection(ExtensibilityGlobals) = postSolution
		SolutionGuid = {83264AAB-2E30-4C33-93FD-F4908294A7D4}
	EndGlobalSection
EndGlobal
